PODS:
  - Alamofire (5.2.1)
  - Introspect (0.1.0)
  - SwiftUIRefresh (0.0.3):
    - Introspect (~> 0.1.0)
  - Willow (5.2.1)

DEPENDENCIES:
  - Alamofire (~> 5.2)
  - SwiftUIRefresh
  - Willow (~> 5.0)

SPEC REPOS:
  trunk:
    - Alamofire
    - Introspect
    - SwiftUIRefresh
    - Willow

SPEC CHECKSUMS:
  Alamofire: e911732990610fe89af59ac0077f923d72dc3dfd
  Introspect: ad32f2b7b9e7ac2c008b9dfec3d5325fbd3660fa
  SwiftUIRefresh: ca6ae2718d25aad5dd68bbf5d2ae36ef6ade98bf
  Willow: a6310f9aedcb6f4de8c35b94fd3416a660ae9280

PODFILE CHECKSUM: bbad704b45cfecd54d0f9c6931f1eb7d0977f963

COCOAPODS: 1.8.4
