PODS:
  - Alamofire (5.2.1)
  - Introspect (0.1.0)
  - Realm (3.21.0):
    - Realm/Headers (= 3.21.0)
  - Realm/Headers (3.21.0)
  - RealmSwift (3.21.0):
    - Realm (= 3.21.0)
  - SwiftUIRefresh (0.0.3):
    - Introspect (~> 0.1.0)
  - Willow (5.2.1)

DEPENDENCIES:
  - Alamofire (~> 5.2)
  - RealmSwift (~> 3.20)
  - SwiftUIRefresh
  - Willow (~> 5.0)

SPEC REPOS:
  trunk:
    - Alamofire
    - Introspect
    - Realm
    - RealmSwift
    - SwiftUIRefresh
    - Willow

SPEC CHECKSUMS:
  Alamofire: e911732990610fe89af59ac0077f923d72dc3dfd
  Introspect: ad32f2b7b9e7ac2c008b9dfec3d5325fbd3660fa
  Realm: 38e9dcb19104b58407167d99f70d4995f7c16023
  RealmSwift: 3183cc1ad48378fbcd634311b22c0e6c44021152
  SwiftUIRefresh: ca6ae2718d25aad5dd68bbf5d2ae36ef6ade98bf
  Willow: a6310f9aedcb6f4de8c35b94fd3416a660ae9280

PODFILE CHECKSUM: e80c55de2b966d984b005d2ac0ee05a4b1bd0679

COCOAPODS: 1.8.4
